
Microsoft Visual Studio Solution File, Format Version 12.00
# Visual Studio Version 17
VisualStudioVersion = 17.1.31911.260
MinimumVisualStudioVersion = 10.0.40219.1
Project("{9A19103F-16F7-4668-BE54-9A1E7A4F7556}") = "Shared", "Shared\Shared.csproj", "{681F0274-5948-42C5-9045-04C3E151F5A0}"
EndProject
Project("{9A19103F-16F7-4668-BE54-9A1E7A4F7556}") = "ExpenseAnalyzer", "ExpenseAnalyzer\ExpenseAnalyzer.csproj", "{A6E06EE8-79F9-4B19-AEB8-E5FE554BEDFB}"
EndProject
Project("{9A19103F-16F7-4668-BE54-9A1E7A4F7556}") = "DataAccess.EntityFramework", "ExpenseManager.DataAccess.EntityFramework\DataAccess.EntityFramework.csproj", "{8007F793-7228-47BA-A375-2A5CDD549F73}"
EndProject
Project("{9A19103F-16F7-4668-BE54-9A1E7A4F7556}") = "Api", "ExpenseManager.Api\Api.csproj", "{B1B066E4-5FDC-428B-BACF-0CE32BFD8720}"
EndProject
Project("{9A19103F-16F7-4668-BE54-9A1E7A4F7556}") = "DataAccess.Contracts", "ExpenseManager.DataAccess.Contracts\DataAccess.Contracts.csproj", "{607393ED-C49B-42B4-B2B3-8FDF46B35480}"
EndProject
Project("{FAE04EC0-301F-11D3-BF4B-00C04F79EFBC}") = "Handlers", "Handlers\Handlers.csproj", "{4F66127F-0FD0-4797-914D-5715B8161713}"
EndProject
Project("{2150E333-8FDC-42A3-9474-1A3956D46DE8}") = "Tests", "Tests", "{145544E3-7483-4B35-A37E-6EF0234A45C2}"
EndProject
Project("{FAE04EC0-301F-11D3-BF4B-00C04F79EFBC}") = "Handlers.Tests", "Handlers.Tests\Handlers.Tests.csproj", "{276E08EE-AD95-4D4E-A861-D75FF72A8B0E}"
EndProject
Global
	GlobalSection(SolutionConfigurationPlatforms) = preSolution
		Debug|Any CPU = Debug|Any CPU
		Debug|x64 = Debug|x64
		Release|Any CPU = Release|Any CPU
		Release|x64 = Release|x64
	EndGlobalSection
	GlobalSection(ProjectConfigurationPlatforms) = postSolution
		{681F0274-5948-42C5-9045-04C3E151F5A0}.Debug|Any CPU.ActiveCfg = Debug|Any CPU
		{681F0274-5948-42C5-9045-04C3E151F5A0}.Debug|Any CPU.Build.0 = Debug|Any CPU
		{681F0274-5948-42C5-9045-04C3E151F5A0}.Debug|x64.ActiveCfg = Debug|x64
		{681F0274-5948-42C5-9045-04C3E151F5A0}.Debug|x64.Build.0 = Debug|x64
		{681F0274-5948-42C5-9045-04C3E151F5A0}.Release|Any CPU.ActiveCfg = Release|Any CPU
		{681F0274-5948-42C5-9045-04C3E151F5A0}.Release|Any CPU.Build.0 = Release|Any CPU
		{681F0274-5948-42C5-9045-04C3E151F5A0}.Release|x64.ActiveCfg = Release|x64
		{681F0274-5948-42C5-9045-04C3E151F5A0}.Release|x64.Build.0 = Release|x64
		{A6E06EE8-79F9-4B19-AEB8-E5FE554BEDFB}.Debug|Any CPU.ActiveCfg = Debug|Any CPU
		{A6E06EE8-79F9-4B19-AEB8-E5FE554BEDFB}.Debug|Any CPU.Build.0 = Debug|Any CPU
		{A6E06EE8-79F9-4B19-AEB8-E5FE554BEDFB}.Debug|x64.ActiveCfg = Debug|x64
		{A6E06EE8-79F9-4B19-AEB8-E5FE554BEDFB}.Debug|x64.Build.0 = Debug|x64
		{A6E06EE8-79F9-4B19-AEB8-E5FE554BEDFB}.Release|Any CPU.ActiveCfg = Release|Any CPU
		{A6E06EE8-79F9-4B19-AEB8-E5FE554BEDFB}.Release|Any CPU.Build.0 = Release|Any CPU
		{A6E06EE8-79F9-4B19-AEB8-E5FE554BEDFB}.Release|x64.ActiveCfg = Release|x64
		{A6E06EE8-79F9-4B19-AEB8-E5FE554BEDFB}.Release|x64.Build.0 = Release|x64
		{8007F793-7228-47BA-A375-2A5CDD549F73}.Debug|Any CPU.ActiveCfg = Debug|Any CPU
		{8007F793-7228-47BA-A375-2A5CDD549F73}.Debug|Any CPU.Build.0 = Debug|Any CPU
		{8007F793-7228-47BA-A375-2A5CDD549F73}.Debug|x64.ActiveCfg = Debug|Any CPU
		{8007F793-7228-47BA-A375-2A5CDD549F73}.Debug|x64.Build.0 = Debug|Any CPU
		{8007F793-7228-47BA-A375-2A5CDD549F73}.Release|Any CPU.ActiveCfg = Release|Any CPU
		{8007F793-7228-47BA-A375-2A5CDD549F73}.Release|Any CPU.Build.0 = Release|Any CPU
		{8007F793-7228-47BA-A375-2A5CDD549F73}.Release|x64.ActiveCfg = Release|Any CPU
		{8007F793-7228-47BA-A375-2A5CDD549F73}.Release|x64.Build.0 = Release|Any CPU
		{B1B066E4-5FDC-428B-BACF-0CE32BFD8720}.Debug|Any CPU.ActiveCfg = Debug|Any CPU
		{B1B066E4-5FDC-428B-BACF-0CE32BFD8720}.Debug|Any CPU.Build.0 = Debug|Any CPU
		{B1B066E4-5FDC-428B-BACF-0CE32BFD8720}.Debug|x64.ActiveCfg = Debug|Any CPU
		{B1B066E4-5FDC-428B-BACF-0CE32BFD8720}.Debug|x64.Build.0 = Debug|Any CPU
		{B1B066E4-5FDC-428B-BACF-0CE32BFD8720}.Release|Any CPU.ActiveCfg = Release|Any CPU
		{B1B066E4-5FDC-428B-BACF-0CE32BFD8720}.Release|Any CPU.Build.0 = Release|Any CPU
		{B1B066E4-5FDC-428B-BACF-0CE32BFD8720}.Release|x64.ActiveCfg = Release|Any CPU
		{B1B066E4-5FDC-428B-BACF-0CE32BFD8720}.Release|x64.Build.0 = Release|Any CPU
		{607393ED-C49B-42B4-B2B3-8FDF46B35480}.Debug|Any CPU.ActiveCfg = Debug|Any CPU
		{607393ED-C49B-42B4-B2B3-8FDF46B35480}.Debug|Any CPU.Build.0 = Debug|Any CPU
		{607393ED-C49B-42B4-B2B3-8FDF46B35480}.Debug|x64.ActiveCfg = Debug|Any CPU
		{607393ED-C49B-42B4-B2B3-8FDF46B35480}.Debug|x64.Build.0 = Debug|Any CPU
		{607393ED-C49B-42B4-B2B3-8FDF46B35480}.Release|Any CPU.ActiveCfg = Release|Any CPU
		{607393ED-C49B-42B4-B2B3-8FDF46B35480}.Release|Any CPU.Build.0 = Release|Any CPU
		{607393ED-C49B-42B4-B2B3-8FDF46B35480}.Release|x64.ActiveCfg = Release|Any CPU
		{607393ED-C49B-42B4-B2B3-8FDF46B35480}.Release|x64.Build.0 = Release|Any CPU
		{4F66127F-0FD0-4797-914D-5715B8161713}.Debug|Any CPU.ActiveCfg = Debug|Any CPU
		{4F66127F-0FD0-4797-914D-5715B8161713}.Debug|Any CPU.Build.0 = Debug|Any CPU
		{4F66127F-0FD0-4797-914D-5715B8161713}.Debug|x64.ActiveCfg = Debug|Any CPU
		{4F66127F-0FD0-4797-914D-5715B8161713}.Debug|x64.Build.0 = Debug|Any CPU
		{4F66127F-0FD0-4797-914D-5715B8161713}.Release|Any CPU.ActiveCfg = Release|Any CPU
		{4F66127F-0FD0-4797-914D-5715B8161713}.Release|Any CPU.Build.0 = Release|Any CPU
		{4F66127F-0FD0-4797-914D-5715B8161713}.Release|x64.ActiveCfg = Release|Any CPU
		{4F66127F-0FD0-4797-914D-5715B8161713}.Release|x64.Build.0 = Release|Any CPU
		{276E08EE-AD95-4D4E-A861-D75FF72A8B0E}.Debug|Any CPU.ActiveCfg = Debug|Any CPU
		{276E08EE-AD95-4D4E-A861-D75FF72A8B0E}.Debug|Any CPU.Build.0 = Debug|Any CPU
		{276E08EE-AD95-4D4E-A861-D75FF72A8B0E}.Debug|x64.ActiveCfg = Debug|Any CPU
		{276E08EE-AD95-4D4E-A861-D75FF72A8B0E}.Debug|x64.Build.0 = Debug|Any CPU
		{276E08EE-AD95-4D4E-A861-D75FF72A8B0E}.Release|Any CPU.ActiveCfg = Release|Any CPU
		{276E08EE-AD95-4D4E-A861-D75FF72A8B0E}.Release|Any CPU.Build.0 = Release|Any CPU
		{276E08EE-AD95-4D4E-A861-D75FF72A8B0E}.Release|x64.ActiveCfg = Release|Any CPU
		{276E08EE-AD95-4D4E-A861-D75FF72A8B0E}.Release|x64.Build.0 = Release|Any CPU
	EndGlobalSection
	GlobalSection(SolutionProperties) = preSolution
		HideSolutionNode = FALSE
	EndGlobalSection
	GlobalSection(NestedProjects) = preSolution
		{276E08EE-AD95-4D4E-A861-D75FF72A8B0E} = {145544E3-7483-4B35-A37E-6EF0234A45C2}
	EndGlobalSection
	GlobalSection(ExtensibilityGlobals) = postSolution
		SolutionGuid = {009E8411-2211-40BA-B873-803DD72F0F65}
	EndGlobalSection
EndGlobal
